
Microsoft Visual Studio Solution File, Format Version 12.00
# Visual Studio Version 17
VisualStudioVersion = 17.3.32929.385
MinimumVisualStudioVersion = 10.0.40219.1
Project("{2150E333-8FDC-42A3-9474-1A3956D46DE8}") = "src", "src", "{B140039F-4279-4B50-B797-D4647A4792C1}"
EndProject
Project("{2150E333-8FDC-42A3-9474-1A3956D46DE8}") = "Services", "Services", "{3EF42F2B-1E64-41EE-B1BA-6B89562B4C4E}"
EndProject
Project("{2150E333-8FDC-42A3-9474-1A3956D46DE8}") = "Catalog", "Catalog", "{F4191D3E-38E1-40BE-B685-A4BA219312A8}"
EndProject
Project("{9A19103F-16F7-4668-BE54-9A1E7A4F7556}") = "Catalog.API", "src\Services\Catalog\Catalog.API\Catalog.API.csproj", "{00BDFBAD-4105-45F7-B93B-CF71BED3F234}"
EndProject
Project("{E53339B2-1760-4266-BCC7-CA923CBCF16C}") = "docker-compose", "docker-compose.dcproj", "{5617EE22-B3C2-4B41-92D6-A48DB9644988}"
EndProject
Project("{9A19103F-16F7-4668-BE54-9A1E7A4F7556}") = "Catalog.UnitTests", "src\Services\Catalog\Catalog.UnitTests\Catalog.UnitTests.csproj", "{E61235B2-5C15-4D06-9BCC-2A02DA60BC33}"
EndProject
Project("{2150E333-8FDC-42A3-9474-1A3956D46DE8}") = "Customer", "Customer", "{75C0D699-FC92-4947-A55C-4E98A73CB577}"
EndProject
Project("{9A19103F-16F7-4668-BE54-9A1E7A4F7556}") = "Customer.API", "src\Services\Customer\Customer.API\Customer.API.csproj", "{A2DFD354-4F57-4110-96C7-5B04502645AF}"
EndProject
Project("{9A19103F-16F7-4668-BE54-9A1E7A4F7556}") = "Customer.UnitTests", "src\Services\Customer\Customer.UnitTests\Customer.UnitTests.csproj", "{488125E8-F412-4196-ACF4-C28AF9D4F5E0}"
	ProjectSection(ProjectDependencies) = postProject
		{A2DFD354-4F57-4110-96C7-5B04502645AF} = {A2DFD354-4F57-4110-96C7-5B04502645AF}
	EndProjectSection
EndProject
Project("{2150E333-8FDC-42A3-9474-1A3956D46DE8}") = "Order", "Order", "{6C75E8CC-82CA-435A-99E9-B8183D6571B4}"
EndProject
Project("{9A19103F-16F7-4668-BE54-9A1E7A4F7556}") = "Order.API", "src\Services\Order\Order.API\Order.API.csproj", "{BAE09EFB-1283-44DA-A1C7-247C4AEB48C9}"
EndProject
Project("{2150E333-8FDC-42A3-9474-1A3956D46DE8}") = "Web", "Web", "{273EB13F-E57A-4870-86B2-CA9319249BDF}"
EndProject
Project("{9A19103F-16F7-4668-BE54-9A1E7A4F7556}") = "WebMVC", "src\Web\WebMVC\WebMVC.csproj", "{9562C7EB-4396-43FC-ABD7-650FFEBBBB7D}"
	ProjectSection(ProjectDependencies) = postProject
		{00BDFBAD-4105-45F7-B93B-CF71BED3F234} = {00BDFBAD-4105-45F7-B93B-CF71BED3F234}
		{A2DFD354-4F57-4110-96C7-5B04502645AF} = {A2DFD354-4F57-4110-96C7-5B04502645AF}
		{BAE09EFB-1283-44DA-A1C7-247C4AEB48C9} = {BAE09EFB-1283-44DA-A1C7-247C4AEB48C9}
	EndProjectSection
EndProject
Global
	GlobalSection(SolutionConfigurationPlatforms) = preSolution
		Debug|Any CPU = Debug|Any CPU
		Release|Any CPU = Release|Any CPU
	EndGlobalSection
	GlobalSection(ProjectConfigurationPlatforms) = postSolution
		{00BDFBAD-4105-45F7-B93B-CF71BED3F234}.Debug|Any CPU.ActiveCfg = Debug|Any CPU
		{00BDFBAD-4105-45F7-B93B-CF71BED3F234}.Debug|Any CPU.Build.0 = Debug|Any CPU
		{00BDFBAD-4105-45F7-B93B-CF71BED3F234}.Release|Any CPU.ActiveCfg = Release|Any CPU
		{00BDFBAD-4105-45F7-B93B-CF71BED3F234}.Release|Any CPU.Build.0 = Release|Any CPU
		{5617EE22-B3C2-4B41-92D6-A48DB9644988}.Debug|Any CPU.ActiveCfg = Debug|Any CPU
		{5617EE22-B3C2-4B41-92D6-A48DB9644988}.Debug|Any CPU.Build.0 = Debug|Any CPU
		{5617EE22-B3C2-4B41-92D6-A48DB9644988}.Release|Any CPU.ActiveCfg = Release|Any CPU
		{5617EE22-B3C2-4B41-92D6-A48DB9644988}.Release|Any CPU.Build.0 = Release|Any CPU
		{E61235B2-5C15-4D06-9BCC-2A02DA60BC33}.Debug|Any CPU.ActiveCfg = Debug|Any CPU
		{E61235B2-5C15-4D06-9BCC-2A02DA60BC33}.Debug|Any CPU.Build.0 = Debug|Any CPU
		{E61235B2-5C15-4D06-9BCC-2A02DA60BC33}.Release|Any CPU.ActiveCfg = Release|Any CPU
		{E61235B2-5C15-4D06-9BCC-2A02DA60BC33}.Release|Any CPU.Build.0 = Release|Any CPU
		{A2DFD354-4F57-4110-96C7-5B04502645AF}.Debug|Any CPU.ActiveCfg = Debug|Any CPU
		{A2DFD354-4F57-4110-96C7-5B04502645AF}.Debug|Any CPU.Build.0 = Debug|Any CPU
		{A2DFD354-4F57-4110-96C7-5B04502645AF}.Release|Any CPU.ActiveCfg = Release|Any CPU
		{A2DFD354-4F57-4110-96C7-5B04502645AF}.Release|Any CPU.Build.0 = Release|Any CPU
		{488125E8-F412-4196-ACF4-C28AF9D4F5E0}.Debug|Any CPU.ActiveCfg = Debug|Any CPU
		{488125E8-F412-4196-ACF4-C28AF9D4F5E0}.Debug|Any CPU.Build.0 = Debug|Any CPU
		{488125E8-F412-4196-ACF4-C28AF9D4F5E0}.Release|Any CPU.ActiveCfg = Release|Any CPU
		{488125E8-F412-4196-ACF4-C28AF9D4F5E0}.Release|Any CPU.Build.0 = Release|Any CPU
		{BAE09EFB-1283-44DA-A1C7-247C4AEB48C9}.Debug|Any CPU.ActiveCfg = Debug|Any CPU
		{BAE09EFB-1283-44DA-A1C7-247C4AEB48C9}.Debug|Any CPU.Build.0 = Debug|Any CPU
		{BAE09EFB-1283-44DA-A1C7-247C4AEB48C9}.Release|Any CPU.ActiveCfg = Release|Any CPU
		{BAE09EFB-1283-44DA-A1C7-247C4AEB48C9}.Release|Any CPU.Build.0 = Release|Any CPU
		{9562C7EB-4396-43FC-ABD7-650FFEBBBB7D}.Debug|Any CPU.ActiveCfg = Debug|Any CPU
		{9562C7EB-4396-43FC-ABD7-650FFEBBBB7D}.Debug|Any CPU.Build.0 = Debug|Any CPU
		{9562C7EB-4396-43FC-ABD7-650FFEBBBB7D}.Release|Any CPU.ActiveCfg = Release|Any CPU
		{9562C7EB-4396-43FC-ABD7-650FFEBBBB7D}.Release|Any CPU.Build.0 = Release|Any CPU
	EndGlobalSection
	GlobalSection(SolutionProperties) = preSolution
		HideSolutionNode = FALSE
	EndGlobalSection
	GlobalSection(NestedProjects) = preSolution
		{3EF42F2B-1E64-41EE-B1BA-6B89562B4C4E} = {B140039F-4279-4B50-B797-D4647A4792C1}
		{F4191D3E-38E1-40BE-B685-A4BA219312A8} = {3EF42F2B-1E64-41EE-B1BA-6B89562B4C4E}
		{00BDFBAD-4105-45F7-B93B-CF71BED3F234} = {F4191D3E-38E1-40BE-B685-A4BA219312A8}
		{E61235B2-5C15-4D06-9BCC-2A02DA60BC33} = {F4191D3E-38E1-40BE-B685-A4BA219312A8}
		{75C0D699-FC92-4947-A55C-4E98A73CB577} = {3EF42F2B-1E64-41EE-B1BA-6B89562B4C4E}
		{A2DFD354-4F57-4110-96C7-5B04502645AF} = {75C0D699-FC92-4947-A55C-4E98A73CB577}
		{488125E8-F412-4196-ACF4-C28AF9D4F5E0} = {75C0D699-FC92-4947-A55C-4E98A73CB577}
		{6C75E8CC-82CA-435A-99E9-B8183D6571B4} = {3EF42F2B-1E64-41EE-B1BA-6B89562B4C4E}
		{BAE09EFB-1283-44DA-A1C7-247C4AEB48C9} = {6C75E8CC-82CA-435A-99E9-B8183D6571B4}
		{273EB13F-E57A-4870-86B2-CA9319249BDF} = {B140039F-4279-4B50-B797-D4647A4792C1}
		{9562C7EB-4396-43FC-ABD7-650FFEBBBB7D} = {273EB13F-E57A-4870-86B2-CA9319249BDF}
	EndGlobalSection
	GlobalSection(ExtensibilityGlobals) = postSolution
		SolutionGuid = {AFAEDF9E-6D32-4982-B67A-1B443EF2C72A}
	EndGlobalSection
EndGlobal
